
Microsoft Visual Studio Solution File, Format Version 12.00
# Visual Studio Version 17
VisualStudioVersion = 17.14.36121.58 d17.14
MinimumVisualStudioVersion = 10.0.40219.1
Project("{FAE04EC0-301F-11D3-BF4B-00C04F79EFBC}") = "GenrateAIContext", "GenrateAIContext\GenrateAIContext.csproj", "{F81F2EF6-E8A8-492C-8AD1-1EB7828B8ADD}"
EndProject
Global
	GlobalSection(SolutionConfigurationPlatforms) = preSolution
		Debug|Any CPU = Debug|Any CPU
		Debug|arm64 = Debug|arm64
		Debug|x86 = Debug|x86
		Release|Any CPU = Release|Any CPU
		Release|arm64 = Release|arm64
		Release|x86 = Release|x86
	EndGlobalSection
	GlobalSection(ProjectConfigurationPlatforms) = postSolution
		{F81F2EF6-E8A8-492C-8AD1-1EB7828B8ADD}.Debug|Any CPU.ActiveCfg = Debug|Any CPU
		{F81F2EF6-E8A8-492C-8AD1-1EB7828B8ADD}.Debug|Any CPU.Build.0 = Debug|Any CPU
		{F81F2EF6-E8A8-492C-8AD1-1EB7828B8ADD}.Debug|arm64.ActiveCfg = Debug|arm64
		{F81F2EF6-E8A8-492C-8AD1-1EB7828B8ADD}.Debug|arm64.Build.0 = Debug|arm64
		{F81F2EF6-E8A8-492C-8AD1-1EB7828B8ADD}.Debug|x86.ActiveCfg = Debug|x86
		{F81F2EF6-E8A8-492C-8AD1-1EB7828B8ADD}.Debug|x86.Build.0 = Debug|x86
		{F81F2EF6-E8A8-492C-8AD1-1EB7828B8ADD}.Release|Any CPU.ActiveCfg = Release|Any CPU
		{F81F2EF6-E8A8-492C-8AD1-1EB7828B8ADD}.Release|Any CPU.Build.0 = Release|Any CPU
		{F81F2EF6-E8A8-492C-8AD1-1EB7828B8ADD}.Release|arm64.ActiveCfg = Release|arm64
		{F81F2EF6-E8A8-492C-8AD1-1EB7828B8ADD}.Release|arm64.Build.0 = Release|arm64
		{F81F2EF6-E8A8-492C-8AD1-1EB7828B8ADD}.Release|x86.ActiveCfg = Release|x86
		{F81F2EF6-E8A8-492C-8AD1-1EB7828B8ADD}.Release|x86.Build.0 = Release|x86
	EndGlobalSection
	GlobalSection(SolutionProperties) = preSolution
		HideSolutionNode = FALSE
	EndGlobalSection
	GlobalSection(ExtensibilityGlobals) = postSolution
		SolutionGuid = {5C70C483-411C-4198-BF08-E8C2E6D09B59}
	EndGlobalSection
EndGlobal
